
Microsoft Visual Studio Solution File, Format Version 12.00
# Visual Studio Version 17
VisualStudioVersion = 17.0.31912.275
MinimumVisualStudioVersion = 10.0.40219.1
Project("{FAE04EC0-301F-11D3-BF4B-00C04F79EFBC}") = "FontStyleViewer", "FontStyleViewer\FontStyleViewer.csproj", "{183F7A0A-9F55-4B20-939E-96FC7F76DD49}"
EndProject
Global
	GlobalSection(SolutionConfigurationPlatforms) = preSolution
		Debug|Any CPU = Debug|Any CPU
		Release|Any CPU = Release|Any CPU
	EndGlobalSection
	GlobalSection(ProjectConfigurationPlatforms) = postSolution
		{183F7A0A-9F55-4B20-939E-96FC7F76DD49}.Debug|Any CPU.ActiveCfg = Debug|Any CPU
		{183F7A0A-9F55-4B20-939E-96FC7F76DD49}.Debug|Any CPU.Build.0 = Debug|Any CPU
		{183F7A0A-9F55-4B20-939E-96FC7F76DD49}.Release|Any CPU.ActiveCfg = Release|Any CPU
		{183F7A0A-9F55-4B20-939E-96FC7F76DD49}.Release|Any CPU.Build.0 = Release|Any CPU
	EndGlobalSection
	GlobalSection(SolutionProperties) = preSolution
		HideSolutionNode = FALSE
	EndGlobalSection
	GlobalSection(ExtensibilityGlobals) = postSolution
		SolutionGuid = {41D1113F-CD3F-426E-AE88-95E02EA44DD9}
	EndGlobalSection
EndGlobal
